
Microsoft Visual Studio Solution File, Format Version 12.00
# Visual Studio Version 17
VisualStudioVersion = 17.0.31903.59
MinimumVisualStudioVersion = 10.0.40219.1
Project("{2150E333-8FDC-42A3-9474-1A3956D46DE8}") = "src", "src", "{B094F456-B579-4D68-A2FC-7EAD7B8486C4}"
EndProject
Project("{9A19103F-16F7-4668-BE54-9A1E7A4F7556}") = "RestClientGenerator", "src\RestClientGenerator\RestClientGenerator.csproj", "{7EED2CF7-8525-4ABA-A3F7-264865F60480}"
EndProject
Project("{2150E333-8FDC-42A3-9474-1A3956D46DE8}") = "tests", "tests", "{6AE16A42-E918-48BA-8B7C-888662D0B914}"
EndProject
Project("{9A19103F-16F7-4668-BE54-9A1E7A4F7556}") = "TestClient", "tests\TestClient\TestClient.csproj", "{22A37DFA-E10C-469B-AAC1-4D3F4949C49E}"
EndProject
Project("{9A19103F-16F7-4668-BE54-9A1E7A4F7556}") = "RestClientGeneratorUnitTests", "tests\RestClientGeneratorUnitTests\RestClientGeneratorUnitTests.csproj", "{53F57CFE-553D-49C9-B52F-F82F9CC6DA2A}"
EndProject
Global
	GlobalSection(SolutionConfigurationPlatforms) = preSolution
		Debug|Any CPU = Debug|Any CPU
		Release|Any CPU = Release|Any CPU
	EndGlobalSection
	GlobalSection(ProjectConfigurationPlatforms) = postSolution
		{7EED2CF7-8525-4ABA-A3F7-264865F60480}.Debug|Any CPU.ActiveCfg = Debug|Any CPU
		{7EED2CF7-8525-4ABA-A3F7-264865F60480}.Debug|Any CPU.Build.0 = Debug|Any CPU
		{7EED2CF7-8525-4ABA-A3F7-264865F60480}.Release|Any CPU.ActiveCfg = Release|Any CPU
		{7EED2CF7-8525-4ABA-A3F7-264865F60480}.Release|Any CPU.Build.0 = Release|Any CPU
		{22A37DFA-E10C-469B-AAC1-4D3F4949C49E}.Debug|Any CPU.ActiveCfg = Debug|Any CPU
		{22A37DFA-E10C-469B-AAC1-4D3F4949C49E}.Debug|Any CPU.Build.0 = Debug|Any CPU
		{22A37DFA-E10C-469B-AAC1-4D3F4949C49E}.Release|Any CPU.ActiveCfg = Release|Any CPU
		{22A37DFA-E10C-469B-AAC1-4D3F4949C49E}.Release|Any CPU.Build.0 = Release|Any CPU
		{53F57CFE-553D-49C9-B52F-F82F9CC6DA2A}.Debug|Any CPU.ActiveCfg = Debug|Any CPU
		{53F57CFE-553D-49C9-B52F-F82F9CC6DA2A}.Debug|Any CPU.Build.0 = Debug|Any CPU
		{53F57CFE-553D-49C9-B52F-F82F9CC6DA2A}.Release|Any CPU.ActiveCfg = Release|Any CPU
		{53F57CFE-553D-49C9-B52F-F82F9CC6DA2A}.Release|Any CPU.Build.0 = Release|Any CPU
	EndGlobalSection
	GlobalSection(SolutionProperties) = preSolution
		HideSolutionNode = FALSE
	EndGlobalSection
	GlobalSection(NestedProjects) = preSolution
		{7EED2CF7-8525-4ABA-A3F7-264865F60480} = {B094F456-B579-4D68-A2FC-7EAD7B8486C4}
		{22A37DFA-E10C-469B-AAC1-4D3F4949C49E} = {6AE16A42-E918-48BA-8B7C-888662D0B914}
		{53F57CFE-553D-49C9-B52F-F82F9CC6DA2A} = {6AE16A42-E918-48BA-8B7C-888662D0B914}
	EndGlobalSection
	GlobalSection(ExtensibilityGlobals) = postSolution
		SolutionGuid = {7DCFB43E-33AB-4D0D-881E-1379C2502CC2}
	EndGlobalSection
EndGlobal
